
Microsoft Visual Studio Solution File, Format Version 12.00
# Visual Studio Version 16
VisualStudioVersion = 16.0.37327.17
MinimumVisualStudioVersion = 10.0.40219.1
Project("{FAE04EC0-301F-11D3-BF4B-00C04F79EFBC}") = "TravelTripProje", "TravelTripProje\TravelTripProje.csproj", "{9CCCA647-4038-452A-A09F-D4491B31842A}"
EndProject
Global
	GlobalSection(SolutionConfigurationPlatforms) = preSolution
		Debug|Any CPU = Debug|Any CPU
		Release|Any CPU = Release|Any CPU
	EndGlobalSection
	GlobalSection(ProjectConfigurationPlatforms) = postSolution
		{9CCCA647-4038-452A-A09F-D4491B31842A}.Debug|Any CPU.ActiveCfg = Debug|Any CPU
		{9CCCA647-4038-452A-A09F-D4491B31842A}.Debug|Any CPU.Build.0 = Debug|Any CPU
		{9CCCA647-4038-452A-A09F-D4491B31842A}.Release|Any CPU.ActiveCfg = Release|Any CPU
		{9CCCA647-4038-452A-A09F-D4491B31842A}.Release|Any CPU.Build.0 = Release|Any CPU
	EndGlobalSection
	GlobalSection(SolutionProperties) = preSolution
		HideSolutionNode = FALSE
	EndGlobalSection
	GlobalSection(ExtensibilityGlobals) = postSolution
		SolutionGuid = {42AD68A9-2289-4839-AC13-8CF47D273047}
	EndGlobalSection
EndGlobal
